
Microsoft Visual Studio Solution File, Format Version 12.00
# Visual Studio 15
VisualStudioVersion = 15.0.26430.14
MinimumVisualStudioVersion = 10.0.40219.1
Project("{8BC9CEB8-8B4A-11D0-8D11-00A0C91BC942}") = "461. Hamming Distance", "461.Hamming Distance\461.Hamming Distance.vcxproj", "{9BDFF06B-8DF6-444D-9E39-88B7C68576A2}"
EndProject
Project("{8BC9CEB8-8B4A-11D0-8D11-00A0C91BC942}") = "557. Reverse Words in a String III", "557.Reverse Words in a String III\557.Reverse Words in a String III.vcxproj", "{A06B7BB5-F50F-4427-9EA0-D76E76257611}"
EndProject
Project("{8BC9CEB8-8B4A-11D0-8D11-00A0C91BC942}") = "476. Number Complement", "476.Number Complement\476.Number Complement.vcxproj", "{B5FC7563-E6D9-4BB8-8BC5-7C89EFB68725}"
EndProject
Project("{8BC9CEB8-8B4A-11D0-8D11-00A0C91BC942}") = "500. Keyboard Row", "500.Keyboard Row\500.Keyboard Row.vcxproj", "{54D46B69-AF0A-489F-8FDE-2585315E387B}"
EndProject
Project("{8BC9CEB8-8B4A-11D0-8D11-00A0C91BC942}") = "412. Fizz Buzz", "412.Fizz Buzz\412.Fizz Buzz.vcxproj", "{74D622F6-BDE9-4DF9-ACF6-A7888BC9E487}"
EndProject
Project("{8BC9CEB8-8B4A-11D0-8D11-00A0C91BC942}") = "344. Reverse String", "344.Reverse String\344.Reverse String.vcxproj", "{1CAC550A-0DB6-4945-9AAD-1F5F51B66FBE}"
EndProject
Project("{8BC9CEB8-8B4A-11D0-8D11-00A0C91BC942}") = "496. Next Greater Element I", "496.Next Greater Element I\496.Next Greater Element I.vcxproj", "{6C9A587A-37D8-4ADA-80D0-B4770B45045F}"
EndProject
Project("{8BC9CEB8-8B4A-11D0-8D11-00A0C91BC942}") = "463. Island Perimeter", "463. Island Perimeter\463. Island Perimeter.vcxproj", "{69AA2437-2229-405A-9826-D96E78A1F4A5}"
EndProject
Project("{8BC9CEB8-8B4A-11D0-8D11-00A0C91BC942}") = "292. Nim Game", "292. Nim Game\292. Nim Game.vcxproj", "{29F9BFAB-19CA-4D93-94F5-4CD463AA0AE6}"
EndProject
Project("{8BC9CEB8-8B4A-11D0-8D11-00A0C91BC942}") = "485. Max Consecutive Ones", "485. Max Consecutive Ones\485. Max Consecutive Ones.vcxproj", "{E326FCA6-5D99-4D0A-A6BA-D342323EB30B}"
EndProject
Project("{8BC9CEB8-8B4A-11D0-8D11-00A0C91BC942}") = "136. Single Number", "136. Single Number\136. Single Number.vcxproj", "{AD9ED41C-4BD4-4C7E-98C6-4A1A358FADEC}"
EndProject
Project("{8BC9CEB8-8B4A-11D0-8D11-00A0C91BC942}") = "520. Detect Capital", "520. Detect Capital\520. Detect Capital.vcxproj", "{37ADADF2-9DB5-42A8-B814-1E0AAB8EB784}"
EndProject
Project("{8BC9CEB8-8B4A-11D0-8D11-00A0C91BC942}") = "448. Find All Numbers Disappeared in an Array", "448. Find All Numbers Disappeared in an Array\448. Find All Numbers Disappeared in an Array.vcxproj", "{65281CBA-725A-4302-8F7F-069C5F2873D7}"
EndProject
Project("{8BC9CEB8-8B4A-11D0-8D11-00A0C91BC942}") = "104. Maximum Depth of Binary Tree", "104. Maximum Depth of Binary Tree\104. Maximum Depth of Binary Tree.vcxproj", "{8D91E535-7631-4E9B-B65D-A7461592F472}"
EndProject
Project("{8BC9CEB8-8B4A-11D0-8D11-00A0C91BC942}") = "389. Find the Difference", "389. Find the Difference\389. Find the Difference.vcxproj", "{47689FA1-2030-4BA8-A9AE-B0EBC16E0C17}"
EndProject
Project("{8BC9CEB8-8B4A-11D0-8D11-00A0C91BC942}") = "371. Sum of Two Integers", "371. Sum of Two Integers\371. Sum of Two Integers.vcxproj", "{DA5B6342-4BD5-4983-933B-9307B2A94847}"
EndProject
Project("{8BC9CEB8-8B4A-11D0-8D11-00A0C91BC942}") = "521. Longest Uncommon Subsequence I", "521. Longest Uncommon Subsequence I\521. Longest Uncommon Subsequence I.vcxproj", "{E159C1F0-0098-4DE0-B640-C14797C6C671}"
EndProject
Project("{8BC9CEB8-8B4A-11D0-8D11-00A0C91BC942}") = "226. Invert Binary Tree", "226. Invert Binary Tree\226. Invert Binary Tree.vcxproj", "{ECEDB8D4-A5D3-4093-AF81-7E84039A4C97}"
EndProject
Project("{8BC9CEB8-8B4A-11D0-8D11-00A0C91BC942}") = "258. Add Digits", "258. Add Digits\258. Add Digits.vcxproj", "{524B9C3D-F0AD-4D84-81A3-DCCBFF5DB480}"
EndProject
Project("{8BC9CEB8-8B4A-11D0-8D11-00A0C91BC942}") = "283. Move Zeroes", "283. Move Zeroes\283. Move Zeroes.vcxproj", "{DC11ADAF-13FB-4748-AD4C-18B419FBD5AE}"
EndProject
Project("{8BC9CEB8-8B4A-11D0-8D11-00A0C91BC942}") = "530. Minimum Absolute Difference in BST", "530. Minimum Absolute Difference in BST\530. Minimum Absolute Difference in BST.vcxproj", "{04B18F1C-3353-4FB7-9385-5583501366AD}"
EndProject
Project("{8BC9CEB8-8B4A-11D0-8D11-00A0C91BC942}") = "455. Assign Cookies", "455. Assign Cookies\455. Assign Cookies.vcxproj", "{E833E8BD-CC8A-4A24-A2E7-A863325E9E8B}"
EndProject
Project("{8BC9CEB8-8B4A-11D0-8D11-00A0C91BC942}") = "500. Relative Ranks", "500. Relative Ranks\500. Relative Ranks.vcxproj", "{8BDEE7CB-F89C-48A6-B4FB-AAA99FDA25E4}"
EndProject
Project("{8BC9CEB8-8B4A-11D0-8D11-00A0C91BC942}") = "453. Minimum Moves to Equal Array Elements", "453. Minimum Moves to Equal Array Elements\453. Minimum Moves to Equal Array Elements.vcxproj", "{F1A6CFA1-56E6-446E-8F96-78D84E3550F3}"
EndProject
Project("{8BC9CEB8-8B4A-11D0-8D11-00A0C91BC942}") = "349. Intersection of Two Arrays", "349. Intersection of Two Arrays\349. Intersection of Two Arrays.vcxproj", "{01694528-E465-4E76-BE5E-68636D1CA170}"
EndProject
Project("{8BC9CEB8-8B4A-11D0-8D11-00A0C91BC942}") = "383. Ransom Note", "383. Ransom Note\383. Ransom Note.vcxproj", "{A9176242-25E6-4357-B6D8-5BC72E677266}"
EndProject
Project("{8BC9CEB8-8B4A-11D0-8D11-00A0C91BC942}") = "404. Sum of Left Leaves", "404. Sum of Left Leaves\404. Sum of Left Leaves.vcxproj", "{AC65692A-E41E-438E-B1C1-C772D2B245F2}"
EndProject
Project("{8BC9CEB8-8B4A-11D0-8D11-00A0C91BC942}") = "122.  Best Time to Buy and Sell Stock II", "122.  Best Time to Buy and Sell Stock II\122.  Best Time to Buy and Sell Stock II.vcxproj", "{0FDAE685-4F00-43FE-BBD8-6557A5238EA5}"
EndProject
Project("{8BC9CEB8-8B4A-11D0-8D11-00A0C91BC942}") = "171. Excel Sheet Column Number", "171. Excel Sheet Column Number\171. Excel Sheet Column Number.vcxproj", "{7FF3D859-B95D-4053-BD78-424E392F1973}"
EndProject
Project("{8BC9CEB8-8B4A-11D0-8D11-00A0C91BC942}") = "387. First Unique Character in a String", "387. First Unique Character in a String\387. First Unique Character in a String.vcxproj", "{930DDA55-4071-46E2-BD28-1E4C2022D95D}"
EndProject
Project("{8BC9CEB8-8B4A-11D0-8D11-00A0C91BC942}") = "237. Delete Node in a Linked List", "237. Delete Node in a Linked List\237. Delete Node in a Linked List.vcxproj", "{F29F2CA4-F54D-421C-B180-BECCEDC1D221}"
EndProject
Project("{8BC9CEB8-8B4A-11D0-8D11-00A0C91BC942}") = "100. Same Tree", "100. Same Tree\100. Same Tree.vcxproj", "{B30079F7-D3C2-437C-BDF0-BE623B368D4E}"
EndProject
Project("{8BC9CEB8-8B4A-11D0-8D11-00A0C91BC942}") = "169. Majority Element", "169. Majority Element\169. Majority Element.vcxproj", "{EFBD02D7-DF91-48F4-9B51-66E59F7AD1FC}"
EndProject
Project("{8BC9CEB8-8B4A-11D0-8D11-00A0C91BC942}") = "242. Valid Anagram", "242. Valid Anagram\242. Valid Anagram.vcxproj", "{7129F23F-891E-4C0B-BF17-024A87A328E2}"
EndProject
Project("{8BC9CEB8-8B4A-11D0-8D11-00A0C91BC942}") = "409. Longest Palindrome", "409. Longest Palindrome\409. Longest Palindrome.vcxproj", "{A3FD991D-D9B8-4536-9337-B7A6DA2CB141}"
EndProject
Project("{8BC9CEB8-8B4A-11D0-8D11-00A0C91BC942}") = "217. Contains Duplicate", "217. Contains Duplicate\217. Contains Duplicate.vcxproj", "{AB60C51C-3B4A-49BA-9D15-13D65FBA1CA6}"
EndProject
Project("{8BC9CEB8-8B4A-11D0-8D11-00A0C91BC942}") = "13. Roman to Integer", "13. Roman to Integer\13. Roman to Integer.vcxproj", "{30AA8058-B25A-4046-BDE3-A7D4AFA7AF28}"
EndProject
Project("{8BC9CEB8-8B4A-11D0-8D11-00A0C91BC942}") = "504. Base 7", "504. Base 7\504. Base 7.vcxproj", "{A640728A-67F1-45B6-8ED0-DED81497CBB7}"
EndProject
Project("{8BC9CEB8-8B4A-11D0-8D11-00A0C91BC942}") = "206. Reverse Linked List", "206. Reverse Linked List\206. Reverse Linked List.vcxproj", "{90229518-BDA7-4446-8750-C2E28EDC6D84}"
EndProject
Project("{8BC9CEB8-8B4A-11D0-8D11-00A0C91BC942}") = "401. Binary Watch", "401. Binary Watch\401. Binary Watch.vcxproj", "{35A0F9F5-0889-429D-824F-6BB92D35CAD1}"
EndProject
Project("{8BC9CEB8-8B4A-11D0-8D11-00A0C91BC942}") = "447. Number of Boomerangs", "447. Number of Boomerangs\447. Number of Boomerangs.vcxproj", "{5A37F555-BBC4-44BA-BFFF-7726CB902B50}"
EndProject
Project("{8BC9CEB8-8B4A-11D0-8D11-00A0C91BC942}") = "350. Intersection of Two Arrays II", "350. Intersection of Two Arrays II\350. Intersection of Two Arrays II.vcxproj", "{5E73F0D8-0D57-4A65-A10A-6A991E7C5CAA}"
EndProject
Global
	GlobalSection(SolutionConfigurationPlatforms) = preSolution
		Debug|x64 = Debug|x64
		Debug|x86 = Debug|x86
		Release|x64 = Release|x64
		Release|x86 = Release|x86
	EndGlobalSection
	GlobalSection(ProjectConfigurationPlatforms) = postSolution
		{9BDFF06B-8DF6-444D-9E39-88B7C68576A2}.Debug|x64.ActiveCfg = Debug|x64
		{9BDFF06B-8DF6-444D-9E39-88B7C68576A2}.Debug|x64.Build.0 = Debug|x64
		{9BDFF06B-8DF6-444D-9E39-88B7C68576A2}.Debug|x86.ActiveCfg = Debug|Win32
		{9BDFF06B-8DF6-444D-9E39-88B7C68576A2}.Debug|x86.Build.0 = Debug|Win32
		{9BDFF06B-8DF6-444D-9E39-88B7C68576A2}.Release|x64.ActiveCfg = Release|x64
		{9BDFF06B-8DF6-444D-9E39-88B7C68576A2}.Release|x64.Build.0 = Release|x64
		{9BDFF06B-8DF6-444D-9E39-88B7C68576A2}.Release|x86.ActiveCfg = Release|Win32
		{9BDFF06B-8DF6-444D-9E39-88B7C68576A2}.Release|x86.Build.0 = Release|Win32
		{A06B7BB5-F50F-4427-9EA0-D76E76257611}.Debug|x64.ActiveCfg = Debug|x64
		{A06B7BB5-F50F-4427-9EA0-D76E76257611}.Debug|x64.Build.0 = Debug|x64
		{A06B7BB5-F50F-4427-9EA0-D76E76257611}.Debug|x86.ActiveCfg = Debug|Win32
		{A06B7BB5-F50F-4427-9EA0-D76E76257611}.Debug|x86.Build.0 = Debug|Win32
		{A06B7BB5-F50F-4427-9EA0-D76E76257611}.Release|x64.ActiveCfg = Release|x64
		{A06B7BB5-F50F-4427-9EA0-D76E76257611}.Release|x64.Build.0 = Release|x64
		{A06B7BB5-F50F-4427-9EA0-D76E76257611}.Release|x86.ActiveCfg = Release|Win32
		{A06B7BB5-F50F-4427-9EA0-D76E76257611}.Release|x86.Build.0 = Release|Win32
		{B5FC7563-E6D9-4BB8-8BC5-7C89EFB68725}.Debug|x64.ActiveCfg = Debug|x64
		{B5FC7563-E6D9-4BB8-8BC5-7C89EFB68725}.Debug|x64.Build.0 = Debug|x64
		{B5FC7563-E6D9-4BB8-8BC5-7C89EFB68725}.Debug|x86.ActiveCfg = Debug|Win32
		{B5FC7563-E6D9-4BB8-8BC5-7C89EFB68725}.Debug|x86.Build.0 = Debug|Win32
		{B5FC7563-E6D9-4BB8-8BC5-7C89EFB68725}.Release|x64.ActiveCfg = Release|x64
		{B5FC7563-E6D9-4BB8-8BC5-7C89EFB68725}.Release|x64.Build.0 = Release|x64
		{B5FC7563-E6D9-4BB8-8BC5-7C89EFB68725}.Release|x86.ActiveCfg = Release|Win32
		{B5FC7563-E6D9-4BB8-8BC5-7C89EFB68725}.Release|x86.Build.0 = Release|Win32
		{54D46B69-AF0A-489F-8FDE-2585315E387B}.Debug|x64.ActiveCfg = Debug|x64
		{54D46B69-AF0A-489F-8FDE-2585315E387B}.Debug|x64.Build.0 = Debug|x64
		{54D46B69-AF0A-489F-8FDE-2585315E387B}.Debug|x86.ActiveCfg = Debug|Win32
		{54D46B69-AF0A-489F-8FDE-2585315E387B}.Debug|x86.Build.0 = Debug|Win32
		{54D46B69-AF0A-489F-8FDE-2585315E387B}.Release|x64.ActiveCfg = Release|x64
		{54D46B69-AF0A-489F-8FDE-2585315E387B}.Release|x64.Build.0 = Release|x64
		{54D46B69-AF0A-489F-8FDE-2585315E387B}.Release|x86.ActiveCfg = Release|Win32
		{54D46B69-AF0A-489F-8FDE-2585315E387B}.Release|x86.Build.0 = Release|Win32
		{74D622F6-BDE9-4DF9-ACF6-A7888BC9E487}.Debug|x64.ActiveCfg = Debug|x64
		{74D622F6-BDE9-4DF9-ACF6-A7888BC9E487}.Debug|x64.Build.0 = Debug|x64
		{74D622F6-BDE9-4DF9-ACF6-A7888BC9E487}.Debug|x86.ActiveCfg = Debug|Win32
		{74D622F6-BDE9-4DF9-ACF6-A7888BC9E487}.Debug|x86.Build.0 = Debug|Win32
		{74D622F6-BDE9-4DF9-ACF6-A7888BC9E487}.Release|x64.ActiveCfg = Release|x64
		{74D622F6-BDE9-4DF9-ACF6-A7888BC9E487}.Release|x64.Build.0 = Release|x64
		{74D622F6-BDE9-4DF9-ACF6-A7888BC9E487}.Release|x86.ActiveCfg = Release|Win32
		{74D622F6-BDE9-4DF9-ACF6-A7888BC9E487}.Release|x86.Build.0 = Release|Win32
		{1CAC550A-0DB6-4945-9AAD-1F5F51B66FBE}.Debug|x64.ActiveCfg = Debug|x64
		{1CAC550A-0DB6-4945-9AAD-1F5F51B66FBE}.Debug|x64.Build.0 = Debug|x64
		{1CAC550A-0DB6-4945-9AAD-1F5F51B66FBE}.Debug|x86.ActiveCfg = Debug|Win32
		{1CAC550A-0DB6-4945-9AAD-1F5F51B66FBE}.Debug|x86.Build.0 = Debug|Win32
		{1CAC550A-0DB6-4945-9AAD-1F5F51B66FBE}.Release|x64.ActiveCfg = Release|x64
		{1CAC550A-0DB6-4945-9AAD-1F5F51B66FBE}.Release|x64.Build.0 = Release|x64
		{1CAC550A-0DB6-4945-9AAD-1F5F51B66FBE}.Release|x86.ActiveCfg = Release|Win32
		{1CAC550A-0DB6-4945-9AAD-1F5F51B66FBE}.Release|x86.Build.0 = Release|Win32
		{6C9A587A-37D8-4ADA-80D0-B4770B45045F}.Debug|x64.ActiveCfg = Debug|x64
		{6C9A587A-37D8-4ADA-80D0-B4770B45045F}.Debug|x64.Build.0 = Debug|x64
		{6C9A587A-37D8-4ADA-80D0-B4770B45045F}.Debug|x86.ActiveCfg = Debug|Win32
		{6C9A587A-37D8-4ADA-80D0-B4770B45045F}.Debug|x86.Build.0 = Debug|Win32
		{6C9A587A-37D8-4ADA-80D0-B4770B45045F}.Release|x64.ActiveCfg = Release|x64
		{6C9A587A-37D8-4ADA-80D0-B4770B45045F}.Release|x64.Build.0 = Release|x64
		{6C9A587A-37D8-4ADA-80D0-B4770B45045F}.Release|x86.ActiveCfg = Release|Win32
		{6C9A587A-37D8-4ADA-80D0-B4770B45045F}.Release|x86.Build.0 = Release|Win32
		{69AA2437-2229-405A-9826-D96E78A1F4A5}.Debug|x64.ActiveCfg = Debug|x64
		{69AA2437-2229-405A-9826-D96E78A1F4A5}.Debug|x64.Build.0 = Debug|x64
		{69AA2437-2229-405A-9826-D96E78A1F4A5}.Debug|x86.ActiveCfg = Debug|Win32
		{69AA2437-2229-405A-9826-D96E78A1F4A5}.Debug|x86.Build.0 = Debug|Win32
		{69AA2437-2229-405A-9826-D96E78A1F4A5}.Release|x64.ActiveCfg = Release|x64
		{69AA2437-2229-405A-9826-D96E78A1F4A5}.Release|x64.Build.0 = Release|x64
		{69AA2437-2229-405A-9826-D96E78A1F4A5}.Release|x86.ActiveCfg = Release|Win32
		{69AA2437-2229-405A-9826-D96E78A1F4A5}.Release|x86.Build.0 = Release|Win32
		{29F9BFAB-19CA-4D93-94F5-4CD463AA0AE6}.Debug|x64.ActiveCfg = Debug|x64
		{29F9BFAB-19CA-4D93-94F5-4CD463AA0AE6}.Debug|x64.Build.0 = Debug|x64
		{29F9BFAB-19CA-4D93-94F5-4CD463AA0AE6}.Debug|x86.ActiveCfg = Debug|Win32
		{29F9BFAB-19CA-4D93-94F5-4CD463AA0AE6}.Debug|x86.Build.0 = Debug|Win32
		{29F9BFAB-19CA-4D93-94F5-4CD463AA0AE6}.Release|x64.ActiveCfg = Release|x64
		{29F9BFAB-19CA-4D93-94F5-4CD463AA0AE6}.Release|x64.Build.0 = Release|x64
		{29F9BFAB-19CA-4D93-94F5-4CD463AA0AE6}.Release|x86.ActiveCfg = Release|Win32
		{29F9BFAB-19CA-4D93-94F5-4CD463AA0AE6}.Release|x86.Build.0 = Release|Win32
		{E326FCA6-5D99-4D0A-A6BA-D342323EB30B}.Debug|x64.ActiveCfg = Debug|x64
		{E326FCA6-5D99-4D0A-A6BA-D342323EB30B}.Debug|x64.Build.0 = Debug|x64
		{E326FCA6-5D99-4D0A-A6BA-D342323EB30B}.Debug|x86.ActiveCfg = Debug|Win32
		{E326FCA6-5D99-4D0A-A6BA-D342323EB30B}.Debug|x86.Build.0 = Debug|Win32
		{E326FCA6-5D99-4D0A-A6BA-D342323EB30B}.Release|x64.ActiveCfg = Release|x64
		{E326FCA6-5D99-4D0A-A6BA-D342323EB30B}.Release|x64.Build.0 = Release|x64
		{E326FCA6-5D99-4D0A-A6BA-D342323EB30B}.Release|x86.ActiveCfg = Release|Win32
		{E326FCA6-5D99-4D0A-A6BA-D342323EB30B}.Release|x86.Build.0 = Release|Win32
		{AD9ED41C-4BD4-4C7E-98C6-4A1A358FADEC}.Debug|x64.ActiveCfg = Debug|x64
		{AD9ED41C-4BD4-4C7E-98C6-4A1A358FADEC}.Debug|x64.Build.0 = Debug|x64
		{AD9ED41C-4BD4-4C7E-98C6-4A1A358FADEC}.Debug|x86.ActiveCfg = Debug|Win32
		{AD9ED41C-4BD4-4C7E-98C6-4A1A358FADEC}.Debug|x86.Build.0 = Debug|Win32
		{AD9ED41C-4BD4-4C7E-98C6-4A1A358FADEC}.Release|x64.ActiveCfg = Release|x64
		{AD9ED41C-4BD4-4C7E-98C6-4A1A358FADEC}.Release|x64.Build.0 = Release|x64
		{AD9ED41C-4BD4-4C7E-98C6-4A1A358FADEC}.Release|x86.ActiveCfg = Release|Win32
		{AD9ED41C-4BD4-4C7E-98C6-4A1A358FADEC}.Release|x86.Build.0 = Release|Win32
		{37ADADF2-9DB5-42A8-B814-1E0AAB8EB784}.Debug|x64.ActiveCfg = Debug|x64
		{37ADADF2-9DB5-42A8-B814-1E0AAB8EB784}.Debug|x64.Build.0 = Debug|x64
		{37ADADF2-9DB5-42A8-B814-1E0AAB8EB784}.Debug|x86.ActiveCfg = Debug|Win32
		{37ADADF2-9DB5-42A8-B814-1E0AAB8EB784}.Debug|x86.Build.0 = Debug|Win32
		{37ADADF2-9DB5-42A8-B814-1E0AAB8EB784}.Release|x64.ActiveCfg = Release|x64
		{37ADADF2-9DB5-42A8-B814-1E0AAB8EB784}.Release|x64.Build.0 = Release|x64
		{37ADADF2-9DB5-42A8-B814-1E0AAB8EB784}.Release|x86.ActiveCfg = Release|Win32
		{37ADADF2-9DB5-42A8-B814-1E0AAB8EB784}.Release|x86.Build.0 = Release|Win32
		{65281CBA-725A-4302-8F7F-069C5F2873D7}.Debug|x64.ActiveCfg = Debug|x64
		{65281CBA-725A-4302-8F7F-069C5F2873D7}.Debug|x64.Build.0 = Debug|x64
		{65281CBA-725A-4302-8F7F-069C5F2873D7}.Debug|x86.ActiveCfg = Debug|Win32
		{65281CBA-725A-4302-8F7F-069C5F2873D7}.Debug|x86.Build.0 = Debug|Win32
		{65281CBA-725A-4302-8F7F-069C5F2873D7}.Release|x64.ActiveCfg = Release|x64
		{65281CBA-725A-4302-8F7F-069C5F2873D7}.Release|x64.Build.0 = Release|x64
		{65281CBA-725A-4302-8F7F-069C5F2873D7}.Release|x86.ActiveCfg = Release|Win32
		{65281CBA-725A-4302-8F7F-069C5F2873D7}.Release|x86.Build.0 = Release|Win32
		{8D91E535-7631-4E9B-B65D-A7461592F472}.Debug|x64.ActiveCfg = Debug|x64
		{8D91E535-7631-4E9B-B65D-A7461592F472}.Debug|x64.Build.0 = Debug|x64
		{8D91E535-7631-4E9B-B65D-A7461592F472}.Debug|x86.ActiveCfg = Debug|Win32
		{8D91E535-7631-4E9B-B65D-A7461592F472}.Debug|x86.Build.0 = Debug|Win32
		{8D91E535-7631-4E9B-B65D-A7461592F472}.Release|x64.ActiveCfg = Release|x64
		{8D91E535-7631-4E9B-B65D-A7461592F472}.Release|x64.Build.0 = Release|x64
		{8D91E535-7631-4E9B-B65D-A7461592F472}.Release|x86.ActiveCfg = Release|Win32
		{8D91E535-7631-4E9B-B65D-A7461592F472}.Release|x86.Build.0 = Release|Win32
		{47689FA1-2030-4BA8-A9AE-B0EBC16E0C17}.Debug|x64.ActiveCfg = Debug|x64
		{47689FA1-2030-4BA8-A9AE-B0EBC16E0C17}.Debug|x64.Build.0 = Debug|x64
		{47689FA1-2030-4BA8-A9AE-B0EBC16E0C17}.Debug|x86.ActiveCfg = Debug|Win32
		{47689FA1-2030-4BA8-A9AE-B0EBC16E0C17}.Debug|x86.Build.0 = Debug|Win32
		{47689FA1-2030-4BA8-A9AE-B0EBC16E0C17}.Release|x64.ActiveCfg = Release|x64
		{47689FA1-2030-4BA8-A9AE-B0EBC16E0C17}.Release|x64.Build.0 = Release|x64
		{47689FA1-2030-4BA8-A9AE-B0EBC16E0C17}.Release|x86.ActiveCfg = Release|Win32
		{47689FA1-2030-4BA8-A9AE-B0EBC16E0C17}.Release|x86.Build.0 = Release|Win32
		{DA5B6342-4BD5-4983-933B-9307B2A94847}.Debug|x64.ActiveCfg = Debug|x64
		{DA5B6342-4BD5-4983-933B-9307B2A94847}.Debug|x64.Build.0 = Debug|x64
		{DA5B6342-4BD5-4983-933B-9307B2A94847}.Debug|x86.ActiveCfg = Debug|Win32
		{DA5B6342-4BD5-4983-933B-9307B2A94847}.Debug|x86.Build.0 = Debug|Win32
		{DA5B6342-4BD5-4983-933B-9307B2A94847}.Release|x64.ActiveCfg = Release|x64
		{DA5B6342-4BD5-4983-933B-9307B2A94847}.Release|x64.Build.0 = Release|x64
		{DA5B6342-4BD5-4983-933B-9307B2A94847}.Release|x86.ActiveCfg = Release|Win32
		{DA5B6342-4BD5-4983-933B-9307B2A94847}.Release|x86.Build.0 = Release|Win32
		{E159C1F0-0098-4DE0-B640-C14797C6C671}.Debug|x64.ActiveCfg = Debug|x64
		{E159C1F0-0098-4DE0-B640-C14797C6C671}.Debug|x64.Build.0 = Debug|x64
		{E159C1F0-0098-4DE0-B640-C14797C6C671}.Debug|x86.ActiveCfg = Debug|Win32
		{E159C1F0-0098-4DE0-B640-C14797C6C671}.Debug|x86.Build.0 = Debug|Win32
		{E159C1F0-0098-4DE0-B640-C14797C6C671}.Release|x64.ActiveCfg = Release|x64
		{E159C1F0-0098-4DE0-B640-C14797C6C671}.Release|x64.Build.0 = Release|x64
		{E159C1F0-0098-4DE0-B640-C14797C6C671}.Release|x86.ActiveCfg = Release|Win32
		{E159C1F0-0098-4DE0-B640-C14797C6C671}.Release|x86.Build.0 = Release|Win32
		{ECEDB8D4-A5D3-4093-AF81-7E84039A4C97}.Debug|x64.ActiveCfg = Debug|x64
		{ECEDB8D4-A5D3-4093-AF81-7E84039A4C97}.Debug|x64.Build.0 = Debug|x64
		{ECEDB8D4-A5D3-4093-AF81-7E84039A4C97}.Debug|x86.ActiveCfg = Debug|Win32
		{ECEDB8D4-A5D3-4093-AF81-7E84039A4C97}.Debug|x86.Build.0 = Debug|Win32
		{ECEDB8D4-A5D3-4093-AF81-7E84039A4C97}.Release|x64.ActiveCfg = Release|x64
		{ECEDB8D4-A5D3-4093-AF81-7E84039A4C97}.Release|x64.Build.0 = Release|x64
		{ECEDB8D4-A5D3-4093-AF81-7E84039A4C97}.Release|x86.ActiveCfg = Release|Win32
		{ECEDB8D4-A5D3-4093-AF81-7E84039A4C97}.Release|x86.Build.0 = Release|Win32
		{524B9C3D-F0AD-4D84-81A3-DCCBFF5DB480}.Debug|x64.ActiveCfg = Debug|x64
		{524B9C3D-F0AD-4D84-81A3-DCCBFF5DB480}.Debug|x64.Build.0 = Debug|x64
		{524B9C3D-F0AD-4D84-81A3-DCCBFF5DB480}.Debug|x86.ActiveCfg = Debug|Win32
		{524B9C3D-F0AD-4D84-81A3-DCCBFF5DB480}.Debug|x86.Build.0 = Debug|Win32
		{524B9C3D-F0AD-4D84-81A3-DCCBFF5DB480}.Release|x64.ActiveCfg = Release|x64
		{524B9C3D-F0AD-4D84-81A3-DCCBFF5DB480}.Release|x64.Build.0 = Release|x64
		{524B9C3D-F0AD-4D84-81A3-DCCBFF5DB480}.Release|x86.ActiveCfg = Release|Win32
		{524B9C3D-F0AD-4D84-81A3-DCCBFF5DB480}.Release|x86.Build.0 = Release|Win32
		{DC11ADAF-13FB-4748-AD4C-18B419FBD5AE}.Debug|x64.ActiveCfg = Debug|x64
		{DC11ADAF-13FB-4748-AD4C-18B419FBD5AE}.Debug|x64.Build.0 = Debug|x64
		{DC11ADAF-13FB-4748-AD4C-18B419FBD5AE}.Debug|x86.ActiveCfg = Debug|Win32
		{DC11ADAF-13FB-4748-AD4C-18B419FBD5AE}.Debug|x86.Build.0 = Debug|Win32
		{DC11ADAF-13FB-4748-AD4C-18B419FBD5AE}.Release|x64.ActiveCfg = Release|x64
		{DC11ADAF-13FB-4748-AD4C-18B419FBD5AE}.Release|x64.Build.0 = Release|x64
		{DC11ADAF-13FB-4748-AD4C-18B419FBD5AE}.Release|x86.ActiveCfg = Release|Win32
		{DC11ADAF-13FB-4748-AD4C-18B419FBD5AE}.Release|x86.Build.0 = Release|Win32
		{04B18F1C-3353-4FB7-9385-5583501366AD}.Debug|x64.ActiveCfg = Debug|x64
		{04B18F1C-3353-4FB7-9385-5583501366AD}.Debug|x64.Build.0 = Debug|x64
		{04B18F1C-3353-4FB7-9385-5583501366AD}.Debug|x86.ActiveCfg = Debug|Win32
		{04B18F1C-3353-4FB7-9385-5583501366AD}.Debug|x86.Build.0 = Debug|Win32
		{04B18F1C-3353-4FB7-9385-5583501366AD}.Release|x64.ActiveCfg = Release|x64
		{04B18F1C-3353-4FB7-9385-5583501366AD}.Release|x64.Build.0 = Release|x64
		{04B18F1C-3353-4FB7-9385-5583501366AD}.Release|x86.ActiveCfg = Release|Win32
		{04B18F1C-3353-4FB7-9385-5583501366AD}.Release|x86.Build.0 = Release|Win32
		{E833E8BD-CC8A-4A24-A2E7-A863325E9E8B}.Debug|x64.ActiveCfg = Debug|x64
		{E833E8BD-CC8A-4A24-A2E7-A863325E9E8B}.Debug|x64.Build.0 = Debug|x64
		{E833E8BD-CC8A-4A24-A2E7-A863325E9E8B}.Debug|x86.ActiveCfg = Debug|Win32
		{E833E8BD-CC8A-4A24-A2E7-A863325E9E8B}.Debug|x86.Build.0 = Debug|Win32
		{E833E8BD-CC8A-4A24-A2E7-A863325E9E8B}.Release|x64.ActiveCfg = Release|x64
		{E833E8BD-CC8A-4A24-A2E7-A863325E9E8B}.Release|x64.Build.0 = Release|x64
		{E833E8BD-CC8A-4A24-A2E7-A863325E9E8B}.Release|x86.ActiveCfg = Release|Win32
		{E833E8BD-CC8A-4A24-A2E7-A863325E9E8B}.Release|x86.Build.0 = Release|Win32
		{8BDEE7CB-F89C-48A6-B4FB-AAA99FDA25E4}.Debug|x64.ActiveCfg = Debug|x64
		{8BDEE7CB-F89C-48A6-B4FB-AAA99FDA25E4}.Debug|x64.Build.0 = Debug|x64
		{8BDEE7CB-F89C-48A6-B4FB-AAA99FDA25E4}.Debug|x86.ActiveCfg = Debug|Win32
		{8BDEE7CB-F89C-48A6-B4FB-AAA99FDA25E4}.Debug|x86.Build.0 = Debug|Win32
		{8BDEE7CB-F89C-48A6-B4FB-AAA99FDA25E4}.Release|x64.ActiveCfg = Release|x64
		{8BDEE7CB-F89C-48A6-B4FB-AAA99FDA25E4}.Release|x64.Build.0 = Release|x64
		{8BDEE7CB-F89C-48A6-B4FB-AAA99FDA25E4}.Release|x86.ActiveCfg = Release|Win32
		{8BDEE7CB-F89C-48A6-B4FB-AAA99FDA25E4}.Release|x86.Build.0 = Release|Win32
		{F1A6CFA1-56E6-446E-8F96-78D84E3550F3}.Debug|x64.ActiveCfg = Debug|x64
		{F1A6CFA1-56E6-446E-8F96-78D84E3550F3}.Debug|x64.Build.0 = Debug|x64
		{F1A6CFA1-56E6-446E-8F96-78D84E3550F3}.Debug|x86.ActiveCfg = Debug|Win32
		{F1A6CFA1-56E6-446E-8F96-78D84E3550F3}.Debug|x86.Build.0 = Debug|Win32
		{F1A6CFA1-56E6-446E-8F96-78D84E3550F3}.Release|x64.ActiveCfg = Release|x64
		{F1A6CFA1-56E6-446E-8F96-78D84E3550F3}.Release|x64.Build.0 = Release|x64
		{F1A6CFA1-56E6-446E-8F96-78D84E3550F3}.Release|x86.ActiveCfg = Release|Win32
		{F1A6CFA1-56E6-446E-8F96-78D84E3550F3}.Release|x86.Build.0 = Release|Win32
		{01694528-E465-4E76-BE5E-68636D1CA170}.Debug|x64.ActiveCfg = Debug|x64
		{01694528-E465-4E76-BE5E-68636D1CA170}.Debug|x64.Build.0 = Debug|x64
		{01694528-E465-4E76-BE5E-68636D1CA170}.Debug|x86.ActiveCfg = Debug|Win32
		{01694528-E465-4E76-BE5E-68636D1CA170}.Debug|x86.Build.0 = Debug|Win32
		{01694528-E465-4E76-BE5E-68636D1CA170}.Release|x64.ActiveCfg = Release|x64
		{01694528-E465-4E76-BE5E-68636D1CA170}.Release|x64.Build.0 = Release|x64
		{01694528-E465-4E76-BE5E-68636D1CA170}.Release|x86.ActiveCfg = Release|Win32
		{01694528-E465-4E76-BE5E-68636D1CA170}.Release|x86.Build.0 = Release|Win32
		{A9176242-25E6-4357-B6D8-5BC72E677266}.Debug|x64.ActiveCfg = Debug|x64
		{A9176242-25E6-4357-B6D8-5BC72E677266}.Debug|x64.Build.0 = Debug|x64
		{A9176242-25E6-4357-B6D8-5BC72E677266}.Debug|x86.ActiveCfg = Debug|Win32
		{A9176242-25E6-4357-B6D8-5BC72E677266}.Debug|x86.Build.0 = Debug|Win32
		{A9176242-25E6-4357-B6D8-5BC72E677266}.Release|x64.ActiveCfg = Release|x64
		{A9176242-25E6-4357-B6D8-5BC72E677266}.Release|x64.Build.0 = Release|x64
		{A9176242-25E6-4357-B6D8-5BC72E677266}.Release|x86.ActiveCfg = Release|Win32
		{A9176242-25E6-4357-B6D8-5BC72E677266}.Release|x86.Build.0 = Release|Win32
		{AC65692A-E41E-438E-B1C1-C772D2B245F2}.Debug|x64.ActiveCfg = Debug|x64
		{AC65692A-E41E-438E-B1C1-C772D2B245F2}.Debug|x64.Build.0 = Debug|x64
		{AC65692A-E41E-438E-B1C1-C772D2B245F2}.Debug|x86.ActiveCfg = Debug|Win32
		{AC65692A-E41E-438E-B1C1-C772D2B245F2}.Debug|x86.Build.0 = Debug|Win32
		{AC65692A-E41E-438E-B1C1-C772D2B245F2}.Release|x64.ActiveCfg = Release|x64
		{AC65692A-E41E-438E-B1C1-C772D2B245F2}.Release|x64.Build.0 = Release|x64
		{AC65692A-E41E-438E-B1C1-C772D2B245F2}.Release|x86.ActiveCfg = Release|Win32
		{AC65692A-E41E-438E-B1C1-C772D2B245F2}.Release|x86.Build.0 = Release|Win32
		{0FDAE685-4F00-43FE-BBD8-6557A5238EA5}.Debug|x64.ActiveCfg = Debug|x64
		{0FDAE685-4F00-43FE-BBD8-6557A5238EA5}.Debug|x64.Build.0 = Debug|x64
		{0FDAE685-4F00-43FE-BBD8-6557A5238EA5}.Debug|x86.ActiveCfg = Debug|Win32
		{0FDAE685-4F00-43FE-BBD8-6557A5238EA5}.Debug|x86.Build.0 = Debug|Win32
		{0FDAE685-4F00-43FE-BBD8-6557A5238EA5}.Release|x64.ActiveCfg = Release|x64
		{0FDAE685-4F00-43FE-BBD8-6557A5238EA5}.Release|x64.Build.0 = Release|x64
		{0FDAE685-4F00-43FE-BBD8-6557A5238EA5}.Release|x86.ActiveCfg = Release|Win32
		{0FDAE685-4F00-43FE-BBD8-6557A5238EA5}.Release|x86.Build.0 = Release|Win32
		{7FF3D859-B95D-4053-BD78-424E392F1973}.Debug|x64.ActiveCfg = Debug|x64
		{7FF3D859-B95D-4053-BD78-424E392F1973}.Debug|x64.Build.0 = Debug|x64
		{7FF3D859-B95D-4053-BD78-424E392F1973}.Debug|x86.ActiveCfg = Debug|Win32
		{7FF3D859-B95D-4053-BD78-424E392F1973}.Debug|x86.Build.0 = Debug|Win32
		{7FF3D859-B95D-4053-BD78-424E392F1973}.Release|x64.ActiveCfg = Release|x64
		{7FF3D859-B95D-4053-BD78-424E392F1973}.Release|x64.Build.0 = Release|x64
		{7FF3D859-B95D-4053-BD78-424E392F1973}.Release|x86.ActiveCfg = Release|Win32
		{7FF3D859-B95D-4053-BD78-424E392F1973}.Release|x86.Build.0 = Release|Win32
		{930DDA55-4071-46E2-BD28-1E4C2022D95D}.Debug|x64.ActiveCfg = Debug|x64
		{930DDA55-4071-46E2-BD28-1E4C2022D95D}.Debug|x64.Build.0 = Debug|x64
		{930DDA55-4071-46E2-BD28-1E4C2022D95D}.Debug|x86.ActiveCfg = Debug|Win32
		{930DDA55-4071-46E2-BD28-1E4C2022D95D}.Debug|x86.Build.0 = Debug|Win32
		{930DDA55-4071-46E2-BD28-1E4C2022D95D}.Release|x64.ActiveCfg = Release|x64
		{930DDA55-4071-46E2-BD28-1E4C2022D95D}.Release|x64.Build.0 = Release|x64
		{930DDA55-4071-46E2-BD28-1E4C2022D95D}.Release|x86.ActiveCfg = Release|Win32
		{930DDA55-4071-46E2-BD28-1E4C2022D95D}.Release|x86.Build.0 = Release|Win32
		{F29F2CA4-F54D-421C-B180-BECCEDC1D221}.Debug|x64.ActiveCfg = Debug|x64
		{F29F2CA4-F54D-421C-B180-BECCEDC1D221}.Debug|x64.Build.0 = Debug|x64
		{F29F2CA4-F54D-421C-B180-BECCEDC1D221}.Debug|x86.ActiveCfg = Debug|Win32
		{F29F2CA4-F54D-421C-B180-BECCEDC1D221}.Debug|x86.Build.0 = Debug|Win32
		{F29F2CA4-F54D-421C-B180-BECCEDC1D221}.Release|x64.ActiveCfg = Release|x64
		{F29F2CA4-F54D-421C-B180-BECCEDC1D221}.Release|x64.Build.0 = Release|x64
		{F29F2CA4-F54D-421C-B180-BECCEDC1D221}.Release|x86.ActiveCfg = Release|Win32
		{F29F2CA4-F54D-421C-B180-BECCEDC1D221}.Release|x86.Build.0 = Release|Win32
		{B30079F7-D3C2-437C-BDF0-BE623B368D4E}.Debug|x64.ActiveCfg = Debug|x64
		{B30079F7-D3C2-437C-BDF0-BE623B368D4E}.Debug|x64.Build.0 = Debug|x64
		{B30079F7-D3C2-437C-BDF0-BE623B368D4E}.Debug|x86.ActiveCfg = Debug|Win32
		{B30079F7-D3C2-437C-BDF0-BE623B368D4E}.Debug|x86.Build.0 = Debug|Win32
		{B30079F7-D3C2-437C-BDF0-BE623B368D4E}.Release|x64.ActiveCfg = Release|x64
		{B30079F7-D3C2-437C-BDF0-BE623B368D4E}.Release|x64.Build.0 = Release|x64
		{B30079F7-D3C2-437C-BDF0-BE623B368D4E}.Release|x86.ActiveCfg = Release|Win32
		{B30079F7-D3C2-437C-BDF0-BE623B368D4E}.Release|x86.Build.0 = Release|Win32
		{EFBD02D7-DF91-48F4-9B51-66E59F7AD1FC}.Debug|x64.ActiveCfg = Debug|x64
		{EFBD02D7-DF91-48F4-9B51-66E59F7AD1FC}.Debug|x64.Build.0 = Debug|x64
		{EFBD02D7-DF91-48F4-9B51-66E59F7AD1FC}.Debug|x86.ActiveCfg = Debug|Win32
		{EFBD02D7-DF91-48F4-9B51-66E59F7AD1FC}.Debug|x86.Build.0 = Debug|Win32
		{EFBD02D7-DF91-48F4-9B51-66E59F7AD1FC}.Release|x64.ActiveCfg = Release|x64
		{EFBD02D7-DF91-48F4-9B51-66E59F7AD1FC}.Release|x64.Build.0 = Release|x64
		{EFBD02D7-DF91-48F4-9B51-66E59F7AD1FC}.Release|x86.ActiveCfg = Release|Win32
		{EFBD02D7-DF91-48F4-9B51-66E59F7AD1FC}.Release|x86.Build.0 = Release|Win32
		{7129F23F-891E-4C0B-BF17-024A87A328E2}.Debug|x64.ActiveCfg = Debug|x64
		{7129F23F-891E-4C0B-BF17-024A87A328E2}.Debug|x64.Build.0 = Debug|x64
		{7129F23F-891E-4C0B-BF17-024A87A328E2}.Debug|x86.ActiveCfg = Debug|Win32
		{7129F23F-891E-4C0B-BF17-024A87A328E2}.Debug|x86.Build.0 = Debug|Win32
		{7129F23F-891E-4C0B-BF17-024A87A328E2}.Release|x64.ActiveCfg = Release|x64
		{7129F23F-891E-4C0B-BF17-024A87A328E2}.Release|x64.Build.0 = Release|x64
		{7129F23F-891E-4C0B-BF17-024A87A328E2}.Release|x86.ActiveCfg = Release|Win32
		{7129F23F-891E-4C0B-BF17-024A87A328E2}.Release|x86.Build.0 = Release|Win32
		{A3FD991D-D9B8-4536-9337-B7A6DA2CB141}.Debug|x64.ActiveCfg = Debug|x64
		{A3FD991D-D9B8-4536-9337-B7A6DA2CB141}.Debug|x64.Build.0 = Debug|x64
		{A3FD991D-D9B8-4536-9337-B7A6DA2CB141}.Debug|x86.ActiveCfg = Debug|Win32
		{A3FD991D-D9B8-4536-9337-B7A6DA2CB141}.Debug|x86.Build.0 = Debug|Win32
		{A3FD991D-D9B8-4536-9337-B7A6DA2CB141}.Release|x64.ActiveCfg = Release|x64
		{A3FD991D-D9B8-4536-9337-B7A6DA2CB141}.Release|x64.Build.0 = Release|x64
		{A3FD991D-D9B8-4536-9337-B7A6DA2CB141}.Release|x86.ActiveCfg = Release|Win32
		{A3FD991D-D9B8-4536-9337-B7A6DA2CB141}.Release|x86.Build.0 = Release|Win32
		{AB60C51C-3B4A-49BA-9D15-13D65FBA1CA6}.Debug|x64.ActiveCfg = Debug|x64
		{AB60C51C-3B4A-49BA-9D15-13D65FBA1CA6}.Debug|x64.Build.0 = Debug|x64
		{AB60C51C-3B4A-49BA-9D15-13D65FBA1CA6}.Debug|x86.ActiveCfg = Debug|Win32
		{AB60C51C-3B4A-49BA-9D15-13D65FBA1CA6}.Debug|x86.Build.0 = Debug|Win32
		{AB60C51C-3B4A-49BA-9D15-13D65FBA1CA6}.Release|x64.ActiveCfg = Release|x64
		{AB60C51C-3B4A-49BA-9D15-13D65FBA1CA6}.Release|x64.Build.0 = Release|x64
		{AB60C51C-3B4A-49BA-9D15-13D65FBA1CA6}.Release|x86.ActiveCfg = Release|Win32
		{AB60C51C-3B4A-49BA-9D15-13D65FBA1CA6}.Release|x86.Build.0 = Release|Win32
		{30AA8058-B25A-4046-BDE3-A7D4AFA7AF28}.Debug|x64.ActiveCfg = Debug|x64
		{30AA8058-B25A-4046-BDE3-A7D4AFA7AF28}.Debug|x64.Build.0 = Debug|x64
		{30AA8058-B25A-4046-BDE3-A7D4AFA7AF28}.Debug|x86.ActiveCfg = Debug|Win32
		{30AA8058-B25A-4046-BDE3-A7D4AFA7AF28}.Debug|x86.Build.0 = Debug|Win32
		{30AA8058-B25A-4046-BDE3-A7D4AFA7AF28}.Release|x64.ActiveCfg = Release|x64
		{30AA8058-B25A-4046-BDE3-A7D4AFA7AF28}.Release|x64.Build.0 = Release|x64
		{30AA8058-B25A-4046-BDE3-A7D4AFA7AF28}.Release|x86.ActiveCfg = Release|Win32
		{30AA8058-B25A-4046-BDE3-A7D4AFA7AF28}.Release|x86.Build.0 = Release|Win32
		{A640728A-67F1-45B6-8ED0-DED81497CBB7}.Debug|x64.ActiveCfg = Debug|x64
		{A640728A-67F1-45B6-8ED0-DED81497CBB7}.Debug|x64.Build.0 = Debug|x64
		{A640728A-67F1-45B6-8ED0-DED81497CBB7}.Debug|x86.ActiveCfg = Debug|Win32
		{A640728A-67F1-45B6-8ED0-DED81497CBB7}.Debug|x86.Build.0 = Debug|Win32
		{A640728A-67F1-45B6-8ED0-DED81497CBB7}.Release|x64.ActiveCfg = Release|x64
		{A640728A-67F1-45B6-8ED0-DED81497CBB7}.Release|x64.Build.0 = Release|x64
		{A640728A-67F1-45B6-8ED0-DED81497CBB7}.Release|x86.ActiveCfg = Release|Win32
		{A640728A-67F1-45B6-8ED0-DED81497CBB7}.Release|x86.Build.0 = Release|Win32
		{90229518-BDA7-4446-8750-C2E28EDC6D84}.Debug|x64.ActiveCfg = Debug|x64
		{90229518-BDA7-4446-8750-C2E28EDC6D84}.Debug|x64.Build.0 = Debug|x64
		{90229518-BDA7-4446-8750-C2E28EDC6D84}.Debug|x86.ActiveCfg = Debug|Win32
		{90229518-BDA7-4446-8750-C2E28EDC6D84}.Debug|x86.Build.0 = Debug|Win32
		{90229518-BDA7-4446-8750-C2E28EDC6D84}.Release|x64.ActiveCfg = Release|x64
		{90229518-BDA7-4446-8750-C2E28EDC6D84}.Release|x64.Build.0 = Release|x64
		{90229518-BDA7-4446-8750-C2E28EDC6D84}.Release|x86.ActiveCfg = Release|Win32
		{90229518-BDA7-4446-8750-C2E28EDC6D84}.Release|x86.Build.0 = Release|Win32
		{35A0F9F5-0889-429D-824F-6BB92D35CAD1}.Debug|x64.ActiveCfg = Debug|x64
		{35A0F9F5-0889-429D-824F-6BB92D35CAD1}.Debug|x64.Build.0 = Debug|x64
		{35A0F9F5-0889-429D-824F-6BB92D35CAD1}.Debug|x86.ActiveCfg = Debug|Win32
		{35A0F9F5-0889-429D-824F-6BB92D35CAD1}.Debug|x86.Build.0 = Debug|Win32
		{35A0F9F5-0889-429D-824F-6BB92D35CAD1}.Release|x64.ActiveCfg = Release|x64
		{35A0F9F5-0889-429D-824F-6BB92D35CAD1}.Release|x64.Build.0 = Release|x64
		{35A0F9F5-0889-429D-824F-6BB92D35CAD1}.Release|x86.ActiveCfg = Release|Win32
		{35A0F9F5-0889-429D-824F-6BB92D35CAD1}.Release|x86.Build.0 = Release|Win32
		{5A37F555-BBC4-44BA-BFFF-7726CB902B50}.Debug|x64.ActiveCfg = Debug|x64
		{5A37F555-BBC4-44BA-BFFF-7726CB902B50}.Debug|x64.Build.0 = Debug|x64
		{5A37F555-BBC4-44BA-BFFF-7726CB902B50}.Debug|x86.ActiveCfg = Debug|Win32
		{5A37F555-BBC4-44BA-BFFF-7726CB902B50}.Debug|x86.Build.0 = Debug|Win32
		{5A37F555-BBC4-44BA-BFFF-7726CB902B50}.Release|x64.ActiveCfg = Release|x64
		{5A37F555-BBC4-44BA-BFFF-7726CB902B50}.Release|x64.Build.0 = Release|x64
		{5A37F555-BBC4-44BA-BFFF-7726CB902B50}.Release|x86.ActiveCfg = Release|Win32
		{5A37F555-BBC4-44BA-BFFF-7726CB902B50}.Release|x86.Build.0 = Release|Win32
		{5E73F0D8-0D57-4A65-A10A-6A991E7C5CAA}.Debug|x64.ActiveCfg = Debug|x64
		{5E73F0D8-0D57-4A65-A10A-6A991E7C5CAA}.Debug|x64.Build.0 = Debug|x64
		{5E73F0D8-0D57-4A65-A10A-6A991E7C5CAA}.Debug|x86.ActiveCfg = Debug|Win32
		{5E73F0D8-0D57-4A65-A10A-6A991E7C5CAA}.Debug|x86.Build.0 = Debug|Win32
		{5E73F0D8-0D57-4A65-A10A-6A991E7C5CAA}.Release|x64.ActiveCfg = Release|x64
		{5E73F0D8-0D57-4A65-A10A-6A991E7C5CAA}.Release|x64.Build.0 = Release|x64
		{5E73F0D8-0D57-4A65-A10A-6A991E7C5CAA}.Release|x86.ActiveCfg = Release|Win32
		{5E73F0D8-0D57-4A65-A10A-6A991E7C5CAA}.Release|x86.Build.0 = Release|Win32
	EndGlobalSection
	GlobalSection(SolutionProperties) = preSolution
		HideSolutionNode = FALSE
	EndGlobalSection
EndGlobal
