
Microsoft Visual Studio Solution File, Format Version 12.00
# Visual Studio 15
VisualStudioVersion = 15.0.26403.0
MinimumVisualStudioVersion = 10.0.40219.1
Project("{8BC9CEB8-8B4A-11D0-8D11-00A0C91BC942}") = "461.Hamming Distance", "461.Hamming Distance\461.Hamming Distance.vcxproj", "{9BDFF06B-8DF6-444D-9E39-88B7C68576A2}"
EndProject
Project("{8BC9CEB8-8B4A-11D0-8D11-00A0C91BC942}") = "557.Reverse Words in a String III", "557.Reverse Words in a String III\557.Reverse Words in a String III.vcxproj", "{A06B7BB5-F50F-4427-9EA0-D76E76257611}"
EndProject
Project("{8BC9CEB8-8B4A-11D0-8D11-00A0C91BC942}") = "476.Number Complement", "476.Number Complement\476.Number Complement.vcxproj", "{B5FC7563-E6D9-4BB8-8BC5-7C89EFB68725}"
EndProject
Project("{8BC9CEB8-8B4A-11D0-8D11-00A0C91BC942}") = "500.Keyboard Row", "500.Keyboard Row\500.Keyboard Row.vcxproj", "{54D46B69-AF0A-489F-8FDE-2585315E387B}"
EndProject
Global
	GlobalSection(SolutionConfigurationPlatforms) = preSolution
		Debug|x64 = Debug|x64
		Debug|x86 = Debug|x86
		Release|x64 = Release|x64
		Release|x86 = Release|x86
	EndGlobalSection
	GlobalSection(ProjectConfigurationPlatforms) = postSolution
		{9BDFF06B-8DF6-444D-9E39-88B7C68576A2}.Debug|x64.ActiveCfg = Debug|x64
		{9BDFF06B-8DF6-444D-9E39-88B7C68576A2}.Debug|x64.Build.0 = Debug|x64
		{9BDFF06B-8DF6-444D-9E39-88B7C68576A2}.Debug|x86.ActiveCfg = Debug|Win32
		{9BDFF06B-8DF6-444D-9E39-88B7C68576A2}.Debug|x86.Build.0 = Debug|Win32
		{9BDFF06B-8DF6-444D-9E39-88B7C68576A2}.Release|x64.ActiveCfg = Release|x64
		{9BDFF06B-8DF6-444D-9E39-88B7C68576A2}.Release|x64.Build.0 = Release|x64
		{9BDFF06B-8DF6-444D-9E39-88B7C68576A2}.Release|x86.ActiveCfg = Release|Win32
		{9BDFF06B-8DF6-444D-9E39-88B7C68576A2}.Release|x86.Build.0 = Release|Win32
		{A06B7BB5-F50F-4427-9EA0-D76E76257611}.Debug|x64.ActiveCfg = Debug|x64
		{A06B7BB5-F50F-4427-9EA0-D76E76257611}.Debug|x64.Build.0 = Debug|x64
		{A06B7BB5-F50F-4427-9EA0-D76E76257611}.Debug|x86.ActiveCfg = Debug|Win32
		{A06B7BB5-F50F-4427-9EA0-D76E76257611}.Debug|x86.Build.0 = Debug|Win32
		{A06B7BB5-F50F-4427-9EA0-D76E76257611}.Release|x64.ActiveCfg = Release|x64
		{A06B7BB5-F50F-4427-9EA0-D76E76257611}.Release|x64.Build.0 = Release|x64
		{A06B7BB5-F50F-4427-9EA0-D76E76257611}.Release|x86.ActiveCfg = Release|Win32
		{A06B7BB5-F50F-4427-9EA0-D76E76257611}.Release|x86.Build.0 = Release|Win32
		{B5FC7563-E6D9-4BB8-8BC5-7C89EFB68725}.Debug|x64.ActiveCfg = Debug|x64
		{B5FC7563-E6D9-4BB8-8BC5-7C89EFB68725}.Debug|x64.Build.0 = Debug|x64
		{B5FC7563-E6D9-4BB8-8BC5-7C89EFB68725}.Debug|x86.ActiveCfg = Debug|Win32
		{B5FC7563-E6D9-4BB8-8BC5-7C89EFB68725}.Debug|x86.Build.0 = Debug|Win32
		{B5FC7563-E6D9-4BB8-8BC5-7C89EFB68725}.Release|x64.ActiveCfg = Release|x64
		{B5FC7563-E6D9-4BB8-8BC5-7C89EFB68725}.Release|x64.Build.0 = Release|x64
		{B5FC7563-E6D9-4BB8-8BC5-7C89EFB68725}.Release|x86.ActiveCfg = Release|Win32
		{B5FC7563-E6D9-4BB8-8BC5-7C89EFB68725}.Release|x86.Build.0 = Release|Win32
		{54D46B69-AF0A-489F-8FDE-2585315E387B}.Debug|x64.ActiveCfg = Debug|x64
		{54D46B69-AF0A-489F-8FDE-2585315E387B}.Debug|x64.Build.0 = Debug|x64
		{54D46B69-AF0A-489F-8FDE-2585315E387B}.Debug|x86.ActiveCfg = Debug|Win32
		{54D46B69-AF0A-489F-8FDE-2585315E387B}.Debug|x86.Build.0 = Debug|Win32
		{54D46B69-AF0A-489F-8FDE-2585315E387B}.Release|x64.ActiveCfg = Release|x64
		{54D46B69-AF0A-489F-8FDE-2585315E387B}.Release|x64.Build.0 = Release|x64
		{54D46B69-AF0A-489F-8FDE-2585315E387B}.Release|x86.ActiveCfg = Release|Win32
		{54D46B69-AF0A-489F-8FDE-2585315E387B}.Release|x86.Build.0 = Release|Win32
	EndGlobalSection
	GlobalSection(SolutionProperties) = preSolution
		HideSolutionNode = FALSE
	EndGlobalSection
EndGlobal
